
Microsoft Visual Studio Solution File, Format Version 12.00
# Visual Studio Version 16
VisualStudioVersion = 16.0.29920.165
MinimumVisualStudioVersion = 10.0.40219.1
Project("{FAE04EC0-301F-11D3-BF4B-00C04F79EFBC}") = "GeekQuizDemo", "GeekQuizDemo\GeekQuizDemo.csproj", "{99AD783B-DA89-4BAD-A3D9-0D30694F7228}"
EndProject
Global
	GlobalSection(SolutionConfigurationPlatforms) = preSolution
		Debug|Any CPU = Debug|Any CPU
		Release|Any CPU = Release|Any CPU
	EndGlobalSection
	GlobalSection(ProjectConfigurationPlatforms) = postSolution
		{99AD783B-DA89-4BAD-A3D9-0D30694F7228}.Debug|Any CPU.ActiveCfg = Debug|Any CPU
		{99AD783B-DA89-4BAD-A3D9-0D30694F7228}.Debug|Any CPU.Build.0 = Debug|Any CPU
		{99AD783B-DA89-4BAD-A3D9-0D30694F7228}.Release|Any CPU.ActiveCfg = Release|Any CPU
		{99AD783B-DA89-4BAD-A3D9-0D30694F7228}.Release|Any CPU.Build.0 = Release|Any CPU
	EndGlobalSection
	GlobalSection(SolutionProperties) = preSolution
		HideSolutionNode = FALSE
	EndGlobalSection
	GlobalSection(ExtensibilityGlobals) = postSolution
		SolutionGuid = {2A8F990C-6C5D-43AC-8BAE-5F7F9EE810E2}
	EndGlobalSection
EndGlobal
